// !$*UTF8*$!
{
	archiveVersion = 1;
	classes = {
	};
	objectVersion = 46;
	objects = {

/* Begin PBXBuildFile section */
		3516546E1DEF124800C1EAFC /* main.m in Sources */ = {isa = PBXBuildFile; fileRef = 3516546D1DEF124800C1EAFC /* main.m */; };
		351654711DEF124800C1EAFC /* AppDelegate.m in Sources */ = {isa = PBXBuildFile; fileRef = 351654701DEF124800C1EAFC /* AppDelegate.m */; };
		351654741DEF124800C1EAFC /* ViewController.m in Sources */ = {isa = PBXBuildFile; fileRef = 351654731DEF124800C1EAFC /* ViewController.m */; };
		351654771DEF124800C1EAFC /* Main.storyboard in Resources */ = {isa = PBXBuildFile; fileRef = 351654751DEF124800C1EAFC /* Main.storyboard */; };
		351654791DEF124800C1EAFC /* Assets.xcassets in Resources */ = {isa = PBXBuildFile; fileRef = 351654781DEF124800C1EAFC /* Assets.xcassets */; };
		3516547C1DEF124800C1EAFC /* LaunchScreen.storyboard in Resources */ = {isa = PBXBuildFile; fileRef = 3516547A1DEF124800C1EAFC /* LaunchScreen.storyboard */; };
		351654851DEF142300C1EAFC /* libsqlite3.tbd in Frameworks */ = {isa = PBXBuildFile; fileRef = 351654841DEF142300C1EAFC /* libsqlite3.tbd */; };
/* End PBXBuildFile section */

/* Begin PBXFileReference section */
		351654691DEF124800C1EAFC /* Test.app */ = {isa = PBXFileReference; explicitFileType = wrapper.application; includeInIndex = 0; path = Test.app; sourceTree = BUILT_PRODUCTS_DIR; };
		3516546D1DEF124800C1EAFC /* main.m */ = {isa = PBXFileReference; lastKnownFileType = sourcecode.c.objc; path = main.m; sourceTree = "<group>"; };
		3516546F1DEF124800C1EAFC /* AppDelegate.h */ = {isa = PBXFileReference; lastKnownFileType = sourcecode.c.h; path = AppDelegate.h; sourceTree = "<group>"; };
		351654701DEF124800C1EAFC /* AppDelegate.m */ = {isa = PBXFileReference; lastKnownFileType = sourcecode.c.objc; path = AppDelegate.m; sourceTree = "<group>"; };
		351654721DEF124800C1EAFC /* ViewController.h */ = {isa = PBXFileReference; lastKnownFileType = sourcecode.c.h; path = ViewController.h; sourceTree = "<group>"; };
		351654731DEF124800C1EAFC /* ViewController.m */ = {isa = PBXFileReference; lastKnownFileType = sourcecode.c.objc; path = ViewController.m; sourceTree = "<group>"; };
		351654761DEF124800C1EAFC /* Base */ = {isa = PBXFileReference; lastKnownFileType = file.storyboard; name = Base; path = Base.lproj/Main.storyboard; sourceTree = "<group>"; };
		351654781DEF124800C1EAFC /* Assets.xcassets */ = {isa = PBXFileReference; lastKnownFileType = folder.assetcatalog; path = Assets.xcassets; sourceTree = "<group>"; };
		3516547B1DEF124800C1EAFC /* Base */ = {isa = PBXFileReference; lastKnownFileType = file.storyboard; name = Base; path = Base.lproj/LaunchScreen.storyboard; sourceTree = "<group>"; };
		3516547D1DEF124800C1EAFC /* Info.plist */ = {isa = PBXFileReference; lastKnownFileType = text.plist.xml; path = Info.plist; sourceTree = "<group>"; };
		351654841DEF142300C1EAFC /* libsqlite3.tbd */ = {isa = PBXFileReference; lastKnownFileType = "sourcecode.text-based-dylib-definition"; name = libsqlite3.tbd; path = usr/lib/libsqlite3.tbd; sourceTree = SDKROOT; };
/* End PBXFileReference section */

/* Begin PBXFrameworksBuildPhase section */
		351654661DEF124800C1EAFC /* Frameworks */ = {
			isa = PBXFrameworksBuildPhase;
			buildActionMask = 2147483647;
			files = (
				351654851DEF142300C1EAFC /* libsqlite3.tbd in Frameworks */,
			);
			runOnlyForDeploymentPostprocessing = 0;
		};
/* End PBXFrameworksBuildPhase section */

/* Begin PBXGroup section */
		351654601DEF124800C1EAFC = {
			isa = PBXGroup;
			children = (
				3516546B1DEF124800C1EAFC /* Test */,
				3516546A1DEF124800C1EAFC /* Products */,
				351654831DEF142300C1EAFC /* Frameworks */,
			);
			sourceTree = "<group>";
		};
		3516546A1DEF124800C1EAFC /* Products */ = {
			isa = PBXGroup;
			children = (
				351654691DEF124800C1EAFC /* Test.app */,
			);
			name = Products;
			sourceTree = "<group>";
		};
		3516546B1DEF124800C1EAFC /* Test */ = {
			isa = PBXGroup;
			children = (
				3516546F1DEF124800C1EAFC /* AppDelegate.h */,
				351654701DEF124800C1EAFC /* AppDelegate.m */,
				351654721DEF124800C1EAFC /* ViewController.h */,
				351654731DEF124800C1EAFC /* ViewController.m */,
				351654751DEF124800C1EAFC /* Main.storyboard */,
				351654781DEF124800C1EAFC /* Assets.xcassets */,
				3516547A1DEF124800C1EAFC /* LaunchScreen.storyboard */,
				3516547D1DEF124800C1EAFC /* Info.plist */,
				3516546C1DEF124800C1EAFC /* Supporting Files */,
			);
			path = Test;
			sourceTree = "<group>";
		};
		3516546C1DEF124800C1EAFC /* Supporting Files */ = {
			isa = PBXGroup;
			children = (
				3516546D1DEF124800C1EAFC /* main.m */,
			);
			name = "Supporting Files";
			sourceTree = "<group>";
		};
		351654831DEF142300C1EAFC /* Frameworks */ = {
			isa = PBXGroup;
			children = (
				351654841DEF142300C1EAFC /* libsqlite3.tbd */,
			);
			name = Frameworks;
			sourceTree = "<group>";
		};
/* End PBXGroup section */

/* Begin PBXNativeTarget section */
		351654681DEF124800C1EAFC /* Test */ = {
			isa = PBXNativeTarget;
			buildConfigurationList = 351654801DEF124800C1EAFC /* Build configuration list for PBXNativeTarget "Test" */;
			buildPhases = (
				351654651DEF124800C1EAFC /* Sources */,
				351654661DEF124800C1EAFC /* Frameworks */,
				351654671DEF124800C1EAFC /* Resources */,
			);
			buildRules = (
			);
			dependencies = (
			);
			name = Test;
			productName = Test;
			productReference = 351654691DEF124800C1EAFC /* Test.app */;
			productType = "com.apple.product-type.application";
		};
/* End PBXNativeTarget section */

/* Begin PBXProject section */
		351654611DEF124800C1EAFC /* Project object */ = {
			isa = PBXProject;
			attributes = {
				LastUpgradeCheck = 0800;
				ORGANIZATIONNAME = "张永俊";
				TargetAttributes = {
					351654681DEF124800C1EAFC = {
						CreatedOnToolsVersion = 8.0;
						DevelopmentTeam = K7Y6C8JUH6;
						ProvisioningStyle = Automatic;
					};
				};
			};
			buildConfigurationList = 351654641DEF124800C1EAFC /* Build configuration list for PBXProject "Test" */;
			compatibilityVersion = "Xcode 3.2";
			developmentRegion = English;
			hasScannedForEncodings = 0;
			knownRegions = (
				en,
				Base,
			);
			mainGroup = 351654601DEF124800C1EAFC;
			productRefGroup = 3516546A1DEF124800C1EAFC /* Products */;
			projectDirPath = "";
			projectRoot = "";
			targets = (
				351654681DEF124800C1EAFC /* Test */,
			);
		};
/* End PBXProject section */

/* Begin PBXResourcesBuildPhase section */
		351654671DEF124800C1EAFC /* Resources */ = {
			isa = PBXResourcesBuildPhase;
			buildActionMask = 2147483647;
			files = (
				3516547C1DEF124800C1EAFC /* LaunchScreen.storyboard in Resources */,
				351654791DEF124800C1EAFC /* Assets.xcassets in Resources */,
				351654771DEF124800C1EAFC /* Main.storyboard in Resources */,
			);
			runOnlyForDeploymentPostprocessing = 0;
		};
/* End PBXResourcesBuildPhase section */

/* Begin PBXSourcesBuildPhase section */
		351654651DEF124800C1EAFC /* Sources */ = {
			isa = PBXSourcesBuildPhase;
			buildActionMask = 2147483647;
			files = (
				351654741DEF124800C1EAFC /* ViewController.m in Sources */,
				351654711DEF124800C1EAFC /* AppDelegate.m in Sources */,
				3516546E1DEF124800C1EAFC /* main.m in Sources */,
			);
			runOnlyForDeploymentPostprocessing = 0;
		};
/* End PBXSourcesBuildPhase section */

/* Begin PBXVariantGroup section */
		351654751DEF124800C1EAFC /* Main.storyboard */ = {
			isa = PBXVariantGroup;
			children = (
				351654761DEF124800C1EAFC /* Base */,
			);
			name = Main.storyboard;
			sourceTree = "<group>";
		};
		3516547A1DEF124800C1EAFC /* LaunchScreen.storyboard */ = {
			isa = PBXVariantGroup;
			children = (
				3516547B1DEF124800C1EAFC /* Base */,
			);
			name = LaunchScreen.storyboard;
			sourceTree = "<group>";
		};
/* End PBXVariantGroup section */

/* Begin XCBuildConfiguration section */
		3516547E1DEF124800C1EAFC /* Debug */ = {
			isa = XCBuildConfiguration;
			buildSettings = {
				ALWAYS_SEARCH_USER_PATHS = NO;
				CLANG_ANALYZER_NONNULL = YES;
				CLANG_CXX_LANGUAGE_STANDARD = "gnu++0x";
				CLANG_CXX_LIBRARY = "libc++";
				CLANG_ENABLE_MODULES = YES;
				CLANG_ENABLE_OBJC_ARC = YES;
				CLANG_WARN_BOOL_CONVERSION = YES;
				CLANG_WARN_CONSTANT_CONVERSION = YES;
				CLANG_WARN_DIRECT_OBJC_ISA_USAGE = YES_ERROR;
				CLANG_WARN_DOCUMENTATION_COMMENTS = YES;
				CLANG_WARN_EMPTY_BODY = YES;
				CLANG_WARN_ENUM_CONVERSION = YES;
				CLANG_WARN_INFINITE_RECURSION = YES;
				CLANG_WARN_INT_CONVERSION = YES;
				CLANG_WARN_OBJC_ROOT_CLASS = YES_ERROR;
				CLANG_WARN_SUSPICIOUS_MOVES = YES;
				CLANG_WARN_UNREACHABLE_CODE = YES;
				CLANG_WARN__DUPLICATE_METHOD_MATCH = YES;
				"CODE_SIGN_IDENTITY[sdk=iphoneos*]" = "iPhone Developer";
				COPY_PHASE_STRIP = NO;
				DEBUG_INFORMATION_FORMAT = dwarf;
				ENABLE_STRICT_OBJC_MSGSEND = YES;
				ENABLE_TESTABILITY = YES;
				GCC_C_LANGUAGE_STANDARD = gnu99;
				GCC_DYNAMIC_NO_PIC = NO;
				GCC_NO_COMMON_BLOCKS = YES;
				GCC_OPTIMIZATION_LEVEL = 0;
				GCC_PREPROCESSOR_DEFINITIONS = (
					"DEBUG=1",
					"$(inherited)",
				);
				GCC_WARN_64_TO_32_BIT_CONVERSION = YES;
				GCC_WARN_ABOUT_RETURN_TYPE = YES_ERROR;
				GCC_WARN_UNDECLARED_SELECTOR = YES;
				GCC_WARN_UNINITIALIZED_AUTOS = YES_AGGRESSIVE;
				GCC_WARN_UNUSED_FUNCTION = YES;
				GCC_WARN_UNUSED_VARIABLE = YES;
				IPHONEOS_DEPLOYMENT_TARGET = 10.0;
				MTL_ENABLE_DEBUG_INFO = YES;
				ONLY_ACTIVE_ARCH = YES;
				SDKROOT = iphoneos;
			};
			name = Debug;
		};
		3516547F1DEF124800C1EAFC /* Release */ = {
			isa = XCBuildConfiguration;
			buildSettings = {
				ALWAYS_SEARCH_USER_PATHS = NO;
				CLANG_ANALYZER_NONNULL = YES;
				CLANG_CXX_LANGUAGE_STANDARD = "gnu++0x";
				CLANG_CXX_LIBRARY = "libc++";
				CLANG_ENABLE_MODULES = YES;
				CLANG_ENABLE_OBJC_ARC = YES;
				CLANG_WARN_BOOL_CONVERSION = YES;
				CLANG_WARN_CONSTANT_CONVERSION = YES;
				CLANG_WARN_DIRECT_OBJC_ISA_USAGE = YES_ERROR;
				CLANG_WARN_DOCUMENTATION_COMMENTS = YES;
				CLANG_WARN_EMPTY_BODY = YES;
				CLANG_WARN_ENUM_CONVERSION = YES;
				CLANG_WARN_INFINITE_RECURSION = YES;
				CLANG_WARN_INT_CONVERSION = YES;
				CLANG_WARN_OBJC_ROOT_CLASS = YES_ERROR;
				CLANG_WARN_SUSPICIOUS_MOVES = YES;
				CLANG_WARN_UNREACHABLE_CODE = YES;
				CLANG_WARN__DUPLICATE_METHOD_MATCH = YES;
				"CODE_SIGN_IDENTITY[sdk=iphoneos*]" = "iPhone Developer";
				COPY_PHASE_STRIP = NO;
				DEBUG_INFORMATION_FORMAT = "dwarf-with-dsym";
				ENABLE_NS_ASSERTIONS = NO;
				ENABLE_STRICT_OBJC_MSGSEND = YES;
				GCC_C_LANGUAGE_STANDARD = gnu99;
				GCC_NO_COMMON_BLOCKS = YES;
				GCC_WARN_64_TO_32_BIT_CONVERSION = YES;
				GCC_WARN_ABOUT_RETURN_TYPE = YES_ERROR;
				GCC_WARN_UNDECLARED_SELECTOR = YES;
				GCC_WARN_UNINITIALIZED_AUTOS = YES_AGGRESSIVE;
				GCC_WARN_UNUSED_FUNCTION = YES;
				GCC_WARN_UNUSED_VARIABLE = YES;
				IPHONEOS_DEPLOYMENT_TARGET = 10.0;
				MTL_ENABLE_DEBUG_INFO = NO;
				SDKROOT = iphoneos;
				VALIDATE_PRODUCT = YES;
			};
			name = Release;
		};
		351654811DEF124800C1EAFC /* Debug */ = {
			isa = XCBuildConfiguration;
			buildSettings = {
				ASSETCATALOG_COMPILER_APPICON_NAME = AppIcon;
				DEVELOPMENT_TEAM = K7Y6C8JUH6;
				INFOPLIST_FILE = Test/Info.plist;
				LD_RUNPATH_SEARCH_PATHS = "$(inherited) @executable_path/Frameworks";
				PRODUCT_BUNDLE_IDENTIFIER = zhangyongjun.Test;
				PRODUCT_NAME = "$(TARGET_NAME)";
			};
			name = Debug;
		};
		351654821DEF124800C1EAFC /* Release */ = {
			isa = XCBuildConfiguration;
			buildSettings = {
				ASSETCATALOG_COMPILER_APPICON_NAME = AppIcon;
				DEVELOPMENT_TEAM = K7Y6C8JUH6;
				INFOPLIST_FILE = Test/Info.plist;
				LD_RUNPATH_SEARCH_PATHS = "$(inherited) @executable_path/Frameworks";
				PRODUCT_BUNDLE_IDENTIFIER = zhangyongjun.Test;
				PRODUCT_NAME = "$(TARGET_NAME)";
			};
			name = Release;
		};
/* End XCBuildConfiguration section */

/* Begin XCConfigurationList section */
		351654641DEF124800C1EAFC /* Build configuration list for PBXProject "Test" */ = {
			isa = XCConfigurationList;
			buildConfigurations = (
				3516547E1DEF124800C1EAFC /* Debug */,
				3516547F1DEF124800C1EAFC /* Release */,
			);
			defaultConfigurationIsVisible = 0;
			defaultConfigurationName = Release;
		};
		351654801DEF124800C1EAFC /* Build configuration list for PBXNativeTarget "Test" */ = {
			isa = XCConfigurationList;
			buildConfigurations = (
				351654811DEF124800C1EAFC /* Debug */,
				351654821DEF124800C1EAFC /* Release */,
			);
			defaultConfigurationIsVisible = 0;
		};
/* End XCConfigurationList section */
	};
	rootObject = 351654611DEF124800C1EAFC /* Project object */;
}
